
Microsoft Visual Studio Solution File, Format Version 12.00
# Visual Studio 15
VisualStudioVersion = 15.0.27703.2042
MinimumVisualStudioVersion = 10.0.40219.1
Project("{9A19103F-16F7-4668-BE54-9A1E7A4F7556}") = "TelegramVkBot", "TelegramVkBot.csproj", "{6F3161DB-2262-49F1-A107-358A1A8A7009}"
EndProject
Project("{9A19103F-16F7-4668-BE54-9A1E7A4F7556}") = "VkNet", "..\vk\VkNet\VkNet.csproj", "{2772D58D-A3E1-440B-B566-5E564EC19823}"
EndProject
Global
	GlobalSection(SolutionConfigurationPlatforms) = preSolution
		Debug|Any CPU = Debug|Any CPU
		Release|Any CPU = Release|Any CPU
	EndGlobalSection
	GlobalSection(ProjectConfigurationPlatforms) = postSolution
		{6F3161DB-2262-49F1-A107-358A1A8A7009}.Debug|Any CPU.ActiveCfg = Debug|Any CPU
		{6F3161DB-2262-49F1-A107-358A1A8A7009}.Debug|Any CPU.Build.0 = Debug|Any CPU
		{6F3161DB-2262-49F1-A107-358A1A8A7009}.Release|Any CPU.ActiveCfg = Release|Any CPU
		{6F3161DB-2262-49F1-A107-358A1A8A7009}.Release|Any CPU.Build.0 = Release|Any CPU
		{2772D58D-A3E1-440B-B566-5E564EC19823}.Debug|Any CPU.ActiveCfg = Debug|Any CPU
		{2772D58D-A3E1-440B-B566-5E564EC19823}.Debug|Any CPU.Build.0 = Debug|Any CPU
		{2772D58D-A3E1-440B-B566-5E564EC19823}.Release|Any CPU.ActiveCfg = Release|Any CPU
		{2772D58D-A3E1-440B-B566-5E564EC19823}.Release|Any CPU.Build.0 = Release|Any CPU
	EndGlobalSection
	GlobalSection(SolutionProperties) = preSolution
		HideSolutionNode = FALSE
	EndGlobalSection
	GlobalSection(ExtensibilityGlobals) = postSolution
		SolutionGuid = {79BB6BC8-5C86-4099-8886-3D37DF73ADD4}
	EndGlobalSection
EndGlobal
